
Microsoft Visual Studio Solution File, Format Version 12.00
# Visual Studio Version 16
VisualStudioVersion = 16.0.28902.138
MinimumVisualStudioVersion = 10.0.40219.1
Project("{2150E333-8FDC-42A3-9474-1A3956D46DE8}") = "Capitulo1", "Capitulo1", "{2543A360-743E-44FB-9C12-C31CF5E8BA67}"
EndProject
Project("{FAE04EC0-301F-11D3-BF4B-00C04F79EFBC}") = "Ejercicio1", "..\Ejercicio1\Ejercicio1.csproj", "{16BF87FA-E1D0-41C7-8028-016E8C4FBAA7}"
EndProject
Project("{FAE04EC0-301F-11D3-BF4B-00C04F79EFBC}") = "Ejercicio5", "..\Ejercicio5\Ejercicio5.csproj", "{F564F251-C6D3-4499-9EC9-7330892071E5}"
EndProject
Project("{2150E333-8FDC-42A3-9474-1A3956D46DE8}") = "Capitulo2", "Capitulo2", "{AD35781D-93C3-467D-B223-87BBBB361198}"
EndProject
Project("{FAE04EC0-301F-11D3-BF4B-00C04F79EFBC}") = "Ejercicio1cap2", "..\Ejercicio1cap2\Ejercicio1cap2.csproj", "{0D798585-D001-4085-862C-FD7971193C56}"
EndProject
Project("{FAE04EC0-301F-11D3-BF4B-00C04F79EFBC}") = "Ejercicio3Cap2", "..\Ejercicio3Cap2\Ejercicio3Cap2.csproj", "{91309050-2D8C-468D-8170-855284CE4C79}"
EndProject
Project("{FAE04EC0-301F-11D3-BF4B-00C04F79EFBC}") = "Ejercicio5cap2", "..\Ejercicio5cap2\Ejercicio5cap2.csproj", "{F9C8E5C0-69B5-454F-8434-B947983EA298}"
EndProject
Global
	GlobalSection(SolutionConfigurationPlatforms) = preSolution
		Debug|Any CPU = Debug|Any CPU
		Release|Any CPU = Release|Any CPU
	EndGlobalSection
	GlobalSection(ProjectConfigurationPlatforms) = postSolution
		{16BF87FA-E1D0-41C7-8028-016E8C4FBAA7}.Debug|Any CPU.ActiveCfg = Debug|Any CPU
		{16BF87FA-E1D0-41C7-8028-016E8C4FBAA7}.Debug|Any CPU.Build.0 = Debug|Any CPU
		{16BF87FA-E1D0-41C7-8028-016E8C4FBAA7}.Release|Any CPU.ActiveCfg = Release|Any CPU
		{16BF87FA-E1D0-41C7-8028-016E8C4FBAA7}.Release|Any CPU.Build.0 = Release|Any CPU
		{F564F251-C6D3-4499-9EC9-7330892071E5}.Debug|Any CPU.ActiveCfg = Debug|Any CPU
		{F564F251-C6D3-4499-9EC9-7330892071E5}.Debug|Any CPU.Build.0 = Debug|Any CPU
		{F564F251-C6D3-4499-9EC9-7330892071E5}.Release|Any CPU.ActiveCfg = Release|Any CPU
		{F564F251-C6D3-4499-9EC9-7330892071E5}.Release|Any CPU.Build.0 = Release|Any CPU
		{0D798585-D001-4085-862C-FD7971193C56}.Debug|Any CPU.ActiveCfg = Debug|Any CPU
		{0D798585-D001-4085-862C-FD7971193C56}.Debug|Any CPU.Build.0 = Debug|Any CPU
		{0D798585-D001-4085-862C-FD7971193C56}.Release|Any CPU.ActiveCfg = Release|Any CPU
		{0D798585-D001-4085-862C-FD7971193C56}.Release|Any CPU.Build.0 = Release|Any CPU
		{91309050-2D8C-468D-8170-855284CE4C79}.Debug|Any CPU.ActiveCfg = Debug|Any CPU
		{91309050-2D8C-468D-8170-855284CE4C79}.Debug|Any CPU.Build.0 = Debug|Any CPU
		{91309050-2D8C-468D-8170-855284CE4C79}.Release|Any CPU.ActiveCfg = Release|Any CPU
		{91309050-2D8C-468D-8170-855284CE4C79}.Release|Any CPU.Build.0 = Release|Any CPU
		{F9C8E5C0-69B5-454F-8434-B947983EA298}.Debug|Any CPU.ActiveCfg = Debug|Any CPU
		{F9C8E5C0-69B5-454F-8434-B947983EA298}.Debug|Any CPU.Build.0 = Debug|Any CPU
		{F9C8E5C0-69B5-454F-8434-B947983EA298}.Release|Any CPU.ActiveCfg = Release|Any CPU
		{F9C8E5C0-69B5-454F-8434-B947983EA298}.Release|Any CPU.Build.0 = Release|Any CPU
	EndGlobalSection
	GlobalSection(SolutionProperties) = preSolution
		HideSolutionNode = FALSE
	EndGlobalSection
	GlobalSection(NestedProjects) = preSolution
		{16BF87FA-E1D0-41C7-8028-016E8C4FBAA7} = {2543A360-743E-44FB-9C12-C31CF5E8BA67}
		{F564F251-C6D3-4499-9EC9-7330892071E5} = {2543A360-743E-44FB-9C12-C31CF5E8BA67}
		{0D798585-D001-4085-862C-FD7971193C56} = {AD35781D-93C3-467D-B223-87BBBB361198}
		{91309050-2D8C-468D-8170-855284CE4C79} = {AD35781D-93C3-467D-B223-87BBBB361198}
		{F9C8E5C0-69B5-454F-8434-B947983EA298} = {AD35781D-93C3-467D-B223-87BBBB361198}
	EndGlobalSection
	GlobalSection(ExtensibilityGlobals) = postSolution
		SolutionGuid = {79C1DA73-2566-4A9D-B6DF-E632A87D5CFA}
	EndGlobalSection
EndGlobal
